{
  "name": "ssl-expiry",
  "version": "1.0.0",
  "lockfileVersion": 2,
  "requires": true,
  "packages": {
    "": {
      "name": "ssl-expiry",
      "version": "1.0.0",
      "license": "MIT",
      "dependencies": {
        "node-statsd": "^0.1.1",
        "ssl-checker": "^2.0.8"
      }
    },
    "node_modules/node-statsd": {
      "version": "0.1.1",
      "resolved": "https://registry.npmjs.org/node-statsd/-/node-statsd-0.1.1.tgz",
      "integrity": "sha512-QDf6R8VXF56QVe1boek8an/Rb3rSNaxoFWb7Elpsv2m1+Noua1yy0F1FpKpK5VluF8oymWM4w764A4KsYL4pDg==",
      "engines": {
        "node": ">=0.1.97"
      }
    },
    "node_modules/ssl-checker": {
      "version": "2.0.8",
      "resolved": "https://registry.npmjs.org/ssl-checker/-/ssl-checker-2.0.8.tgz",
      "integrity": "sha512-pIDGxablZowKR/elbm72Wk7T3lEdrcAKT4ltPsdQrpm7N6EIIvuFQpIcMNG+A/wmiymcRwFDzTd83bW6Yy5LKQ=="
    }
  },
  "dependencies": {
    "node-statsd": {
      "version": "0.1.1",
      "resolved": "https://registry.npmjs.org/node-statsd/-/node-statsd-0.1.1.tgz",
      "integrity": "sha512-QDf6R8VXF56QVe1boek8an/Rb3rSNaxoFWb7Elpsv2m1+Noua1yy0F1FpKpK5VluF8oymWM4w764A4KsYL4pDg=="
    },
    "ssl-checker": {
      "version": "2.0.8",
      "resolved": "https://registry.npmjs.org/ssl-checker/-/ssl-checker-2.0.8.tgz",
      "integrity": "sha512-pIDGxablZowKR/elbm72Wk7T3lEdrcAKT4ltPsdQrpm7N6EIIvuFQpIcMNG+A/wmiymcRwFDzTd83bW6Yy5LKQ=="
    }
  }
}
